// !$*UTF8*$!
{
	archiveVersion = 1;
	classes = {
	};
	objectVersion = 56;
	objects = {

/* Begin PBXBuildFile section */
		105EBC682C20895D00CACEA4 /* WidgetKit.framework in Frameworks */ = {isa = PBXBuildFile; fileRef = 105EBC672C20895D00CACEA4 /* WidgetKit.framework */; };
		105EBC6A2C20895D00CACEA4 /* SwiftUI.framework in Frameworks */ = {isa = PBXBuildFile; fileRef = 105EBC692C20895D00CACEA4 /* SwiftUI.framework */; };
		105EBC6D2C20895D00CACEA4 /* PawsWidgetBundle.swift in Sources */ = {isa = PBXBuildFile; fileRef = 105EBC6C2C20895D00CACEA4 /* PawsWidgetBundle.swift */; };
		105EBC6F2C20895D00CACEA4 /* PawsWidgetLiveActivity.swift in Sources */ = {isa = PBXBuildFile; fileRef = 105EBC6E2C20895D00CACEA4 /* PawsWidgetLiveActivity.swift */; };
		105EBC712C20895D00CACEA4 /* PawsWidget.swift in Sources */ = {isa = PBXBuildFile; fileRef = 105EBC702C20895D00CACEA4 /* PawsWidget.swift */; };
		105EBC732C20895D00CACEA4 /* AppIntent.swift in Sources */ = {isa = PBXBuildFile; fileRef = 105EBC722C20895D00CACEA4 /* AppIntent.swift */; };
		105EBC752C20895E00CACEA4 /* Assets.xcassets in Resources */ = {isa = PBXBuildFile; fileRef = 105EBC742C20895E00CACEA4 /* Assets.xcassets */; };
		105EBC792C20895E00CACEA4 /* PawsWidgetExtension.appex in Embed Foundation Extensions */ = {isa = PBXBuildFile; fileRef = 105EBC652C20895D00CACEA4 /* PawsWidgetExtension.appex */; settings = {ATTRIBUTES = (RemoveHeadersOnCopy, ); }; };
		105EBC802C20897800CACEA4 /* PawsWidgetAttributes.swift in Sources */ = {isa = PBXBuildFile; fileRef = 105EBC7E2C20897800CACEA4 /* PawsWidgetAttributes.swift */; };
		105EBC812C20897800CACEA4 /* PawsWidgetAttributes.swift in Sources */ = {isa = PBXBuildFile; fileRef = 105EBC7E2C20897800CACEA4 /* PawsWidgetAttributes.swift */; };
		105EBC822C20897800CACEA4 /* LiveActivityManager.swift in Sources */ = {isa = PBXBuildFile; fileRef = 105EBC7F2C20897800CACEA4 /* LiveActivityManager.swift */; };
		105EBC832C20897800CACEA4 /* LiveActivityManager.swift in Sources */ = {isa = PBXBuildFile; fileRef = 105EBC7F2C20897800CACEA4 /* LiveActivityManager.swift */; };
		105EBC942C2098A100CACEA4 /* Item.swift in Sources */ = {isa = PBXBuildFile; fileRef = 105EBC932C2098A100CACEA4 /* Item.swift */; };
		105EBC952C2098A100CACEA4 /* Item.swift in Sources */ = {isa = PBXBuildFile; fileRef = 105EBC932C2098A100CACEA4 /* Item.swift */; };
		105EBC982C20B4D900CACEA4 /* SDWebImageSwiftUI in Frameworks */ = {isa = PBXBuildFile; productRef = 105EBC972C20B4D900CACEA4 /* SDWebImageSwiftUI */; };
		105EBC9B2C2119CE00CACEA4 /* FirebaseAnalytics in Frameworks */ = {isa = PBXBuildFile; productRef = 105EBC9A2C2119CE00CACEA4 /* FirebaseAnalytics */; };
		105EBC9D2C2119CE00CACEA4 /* FirebaseDatabase in Frameworks */ = {isa = PBXBuildFile; productRef = 105EBC9C2C2119CE00CACEA4 /* FirebaseDatabase */; };
		105EBC9F2C2119CE00CACEA4 /* FirebaseFirestore in Frameworks */ = {isa = PBXBuildFile; productRef = 105EBC9E2C2119CE00CACEA4 /* FirebaseFirestore */; };
		105EBCA12C2119CE00CACEA4 /* FirebaseStorage in Frameworks */ = {isa = PBXBuildFile; productRef = 105EBCA02C2119CE00CACEA4 /* FirebaseStorage */; };
		10B0B4832C1FCC53003CB840 /* PAWSApp.swift in Sources */ = {isa = PBXBuildFile; fileRef = 10B0B4822C1FCC53003CB840 /* PAWSApp.swift */; };
		10B0B4852C1FCC53003CB840 /* ContentView.swift in Sources */ = {isa = PBXBuildFile; fileRef = 10B0B4842C1FCC53003CB840 /* ContentView.swift */; };
		10B0B4872C1FCC54003CB840 /* Assets.xcassets in Resources */ = {isa = PBXBuildFile; fileRef = 10B0B4862C1FCC54003CB840 /* Assets.xcassets */; };
		10B0B48A2C1FCC54003CB840 /* Preview Assets.xcassets in Resources */ = {isa = PBXBuildFile; fileRef = 10B0B4892C1FCC54003CB840 /* Preview Assets.xcassets */; };
		10B0B49F2C1FD9F3003CB840 /* FontManager.swift in Sources */ = {isa = PBXBuildFile; fileRef = 10B0B4922C1FD9F3003CB840 /* FontManager.swift */; };
		10B0B4A02C1FD9F3003CB840 /* Pretendard-Black.otf in Resources */ = {isa = PBXBuildFile; fileRef = 10B0B4932C1FD9F3003CB840 /* Pretendard-Black.otf */; };
		10B0B4A12C1FD9F3003CB840 /* Pretendard-Bold.otf in Resources */ = {isa = PBXBuildFile; fileRef = 10B0B4942C1FD9F3003CB840 /* Pretendard-Bold.otf */; };
		10B0B4A22C1FD9F3003CB840 /* Pretendard-ExtraBold.otf in Resources */ = {isa = PBXBuildFile; fileRef = 10B0B4952C1FD9F3003CB840 /* Pretendard-ExtraBold.otf */; };
		10B0B4A32C1FD9F3003CB840 /* Pretendard-ExtraLight.otf in Resources */ = {isa = PBXBuildFile; fileRef = 10B0B4962C1FD9F3003CB840 /* Pretendard-ExtraLight.otf */; };
		10B0B4A42C1FD9F3003CB840 /* Pretendard-Light.otf in Resources */ = {isa = PBXBuildFile; fileRef = 10B0B4972C1FD9F3003CB840 /* Pretendard-Light.otf */; };
		10B0B4A52C1FD9F3003CB840 /* Pretendard-Medium.otf in Resources */ = {isa = PBXBuildFile; fileRef = 10B0B4982C1FD9F3003CB840 /* Pretendard-Medium.otf */; };
		10B0B4A62C1FD9F3003CB840 /* Pretendard-Regular.otf in Resources */ = {isa = PBXBuildFile; fileRef = 10B0B4992C1FD9F3003CB840 /* Pretendard-Regular.otf */; };
		10B0B4A72C1FD9F3003CB840 /* Pretendard-SemiBold.otf in Resources */ = {isa = PBXBuildFile; fileRef = 10B0B49A2C1FD9F3003CB840 /* Pretendard-SemiBold.otf */; };
		10B0B4A82C1FD9F3003CB840 /* Pretendard-Thin.otf in Resources */ = {isa = PBXBuildFile; fileRef = 10B0B49B2C1FD9F3003CB840 /* Pretendard-Thin.otf */; };
		10B0B4AC2C1FDCEA003CB840 /* AxisSegmentedView in Frameworks */ = {isa = PBXBuildFile; productRef = 10B0B4AB2C1FDCEA003CB840 /* AxisSegmentedView */; };
		10B0B4AE2C1FE209003CB840 /* StoreView.swift in Sources */ = {isa = PBXBuildFile; fileRef = 10B0B4AD2C1FE209003CB840 /* StoreView.swift */; };
/* End PBXBuildFile section */

/* Begin PBXContainerItemProxy section */
		105EBC772C20895E00CACEA4 /* PBXContainerItemProxy */ = {
			isa = PBXContainerItemProxy;
			containerPortal = 10B0B4772C1FCC52003CB840 /* Project object */;
			proxyType = 1;
			remoteGlobalIDString = 105EBC642C20895D00CACEA4;
			remoteInfo = PawsWidgetExtension;
		};
/* End PBXContainerItemProxy section */

/* Begin PBXCopyFilesBuildPhase section */
		105EBC7D2C20895E00CACEA4 /* Embed Foundation Extensions */ = {
			isa = PBXCopyFilesBuildPhase;
			buildActionMask = 2147483647;
			dstPath = "";
			dstSubfolderSpec = 13;
			files = (
				105EBC792C20895E00CACEA4 /* PawsWidgetExtension.appex in Embed Foundation Extensions */,
			);
			name = "Embed Foundation Extensions";
			runOnlyForDeploymentPostprocessing = 0;
		};
/* End PBXCopyFilesBuildPhase section */

/* Begin PBXFileReference section */
		105EBC652C20895D00CACEA4 /* PawsWidgetExtension.appex */ = {isa = PBXFileReference; explicitFileType = "wrapper.app-extension"; includeInIndex = 0; path = PawsWidgetExtension.appex; sourceTree = BUILT_PRODUCTS_DIR; };
		105EBC672C20895D00CACEA4 /* WidgetKit.framework */ = {isa = PBXFileReference; lastKnownFileType = wrapper.framework; name = WidgetKit.framework; path = System/Library/Frameworks/WidgetKit.framework; sourceTree = SDKROOT; };
		105EBC692C20895D00CACEA4 /* SwiftUI.framework */ = {isa = PBXFileReference; lastKnownFileType = wrapper.framework; name = SwiftUI.framework; path = System/Library/Frameworks/SwiftUI.framework; sourceTree = SDKROOT; };
		105EBC6C2C20895D00CACEA4 /* PawsWidgetBundle.swift */ = {isa = PBXFileReference; lastKnownFileType = sourcecode.swift; path = PawsWidgetBundle.swift; sourceTree = "<group>"; };
		105EBC6E2C20895D00CACEA4 /* PawsWidgetLiveActivity.swift */ = {isa = PBXFileReference; lastKnownFileType = sourcecode.swift; path = PawsWidgetLiveActivity.swift; sourceTree = "<group>"; };
		105EBC702C20895D00CACEA4 /* PawsWidget.swift */ = {isa = PBXFileReference; lastKnownFileType = sourcecode.swift; path = PawsWidget.swift; sourceTree = "<group>"; };
		105EBC722C20895D00CACEA4 /* AppIntent.swift */ = {isa = PBXFileReference; lastKnownFileType = sourcecode.swift; path = AppIntent.swift; sourceTree = "<group>"; };
		105EBC742C20895E00CACEA4 /* Assets.xcassets */ = {isa = PBXFileReference; lastKnownFileType = folder.assetcatalog; path = Assets.xcassets; sourceTree = "<group>"; };
		105EBC762C20895E00CACEA4 /* Info.plist */ = {isa = PBXFileReference; lastKnownFileType = text.plist.xml; path = Info.plist; sourceTree = "<group>"; };
		105EBC7E2C20897800CACEA4 /* PawsWidgetAttributes.swift */ = {isa = PBXFileReference; fileEncoding = 4; lastKnownFileType = sourcecode.swift; path = PawsWidgetAttributes.swift; sourceTree = "<group>"; };
		105EBC7F2C20897800CACEA4 /* LiveActivityManager.swift */ = {isa = PBXFileReference; fileEncoding = 4; lastKnownFileType = sourcecode.swift; path = LiveActivityManager.swift; sourceTree = "<group>"; };
		105EBC932C2098A100CACEA4 /* Item.swift */ = {isa = PBXFileReference; lastKnownFileType = sourcecode.swift; name = Item.swift; path = PawsWidget/Item.swift; sourceTree = SOURCE_ROOT; };
		10B0B47F2C1FCC53003CB840 /* PAWS.app */ = {isa = PBXFileReference; explicitFileType = wrapper.application; includeInIndex = 0; path = PAWS.app; sourceTree = BUILT_PRODUCTS_DIR; };
		10B0B4822C1FCC53003CB840 /* PAWSApp.swift */ = {isa = PBXFileReference; lastKnownFileType = sourcecode.swift; path = PAWSApp.swift; sourceTree = "<group>"; };
		10B0B4842C1FCC53003CB840 /* ContentView.swift */ = {isa = PBXFileReference; lastKnownFileType = sourcecode.swift; path = ContentView.swift; sourceTree = "<group>"; };
		10B0B4862C1FCC54003CB840 /* Assets.xcassets */ = {isa = PBXFileReference; lastKnownFileType = folder.assetcatalog; name = Assets.xcassets; path = ../../Assets.xcassets; sourceTree = "<group>"; };
		10B0B4892C1FCC54003CB840 /* Preview Assets.xcassets */ = {isa = PBXFileReference; lastKnownFileType = folder.assetcatalog; path = "Preview Assets.xcassets"; sourceTree = "<group>"; };
		10B0B4922C1FD9F3003CB840 /* FontManager.swift */ = {isa = PBXFileReference; fileEncoding = 4; lastKnownFileType = sourcecode.swift; path = FontManager.swift; sourceTree = "<group>"; };
		10B0B4932C1FD9F3003CB840 /* Pretendard-Black.otf */ = {isa = PBXFileReference; lastKnownFileType = file; path = "Pretendard-Black.otf"; sourceTree = "<group>"; };
		10B0B4942C1FD9F3003CB840 /* Pretendard-Bold.otf */ = {isa = PBXFileReference; lastKnownFileType = file; path = "Pretendard-Bold.otf"; sourceTree = "<group>"; };
		10B0B4952C1FD9F3003CB840 /* Pretendard-ExtraBold.otf */ = {isa = PBXFileReference; lastKnownFileType = file; path = "Pretendard-ExtraBold.otf"; sourceTree = "<group>"; };
		10B0B4962C1FD9F3003CB840 /* Pretendard-ExtraLight.otf */ = {isa = PBXFileReference; lastKnownFileType = file; path = "Pretendard-ExtraLight.otf"; sourceTree = "<group>"; };
		10B0B4972C1FD9F3003CB840 /* Pretendard-Light.otf */ = {isa = PBXFileReference; lastKnownFileType = file; path = "Pretendard-Light.otf"; sourceTree = "<group>"; };
		10B0B4982C1FD9F3003CB840 /* Pretendard-Medium.otf */ = {isa = PBXFileReference; lastKnownFileType = file; path = "Pretendard-Medium.otf"; sourceTree = "<group>"; };
		10B0B4992C1FD9F3003CB840 /* Pretendard-Regular.otf */ = {isa = PBXFileReference; lastKnownFileType = file; path = "Pretendard-Regular.otf"; sourceTree = "<group>"; };
		10B0B49A2C1FD9F3003CB840 /* Pretendard-SemiBold.otf */ = {isa = PBXFileReference; lastKnownFileType = file; path = "Pretendard-SemiBold.otf"; sourceTree = "<group>"; };
		10B0B49B2C1FD9F3003CB840 /* Pretendard-Thin.otf */ = {isa = PBXFileReference; lastKnownFileType = file; path = "Pretendard-Thin.otf"; sourceTree = "<group>"; };
		10B0B4A92C1FDAED003CB840 /* Info.plist */ = {isa = PBXFileReference; lastKnownFileType = text.plist; path = Info.plist; sourceTree = "<group>"; };
		10B0B4AD2C1FE209003CB840 /* StoreView.swift */ = {isa = PBXFileReference; lastKnownFileType = sourcecode.swift; path = StoreView.swift; sourceTree = "<group>"; };
/* End PBXFileReference section */

/* Begin PBXFrameworksBuildPhase section */
		105EBC622C20895D00CACEA4 /* Frameworks */ = {
			isa = PBXFrameworksBuildPhase;
			buildActionMask = 2147483647;
			files = (
				105EBC6A2C20895D00CACEA4 /* SwiftUI.framework in Frameworks */,
				105EBC682C20895D00CACEA4 /* WidgetKit.framework in Frameworks */,
			);
			runOnlyForDeploymentPostprocessing = 0;
		};
		10B0B47C2C1FCC53003CB840 /* Frameworks */ = {
			isa = PBXFrameworksBuildPhase;
			buildActionMask = 2147483647;
			files = (
				105EBC982C20B4D900CACEA4 /* SDWebImageSwiftUI in Frameworks */,
				10B0B4AC2C1FDCEA003CB840 /* AxisSegmentedView in Frameworks */,
				105EBC9D2C2119CE00CACEA4 /* FirebaseDatabase in Frameworks */,
				105EBC9F2C2119CE00CACEA4 /* FirebaseFirestore in Frameworks */,
				105EBC9B2C2119CE00CACEA4 /* FirebaseAnalytics in Frameworks */,
				105EBCA12C2119CE00CACEA4 /* FirebaseStorage in Frameworks */,
			);
			runOnlyForDeploymentPostprocessing = 0;
		};
/* End PBXFrameworksBuildPhase section */

/* Begin PBXGroup section */
		105EBC662C20895D00CACEA4 /* Frameworks */ = {
			isa = PBXGroup;
			children = (
				105EBC672C20895D00CACEA4 /* WidgetKit.framework */,
				105EBC692C20895D00CACEA4 /* SwiftUI.framework */,
			);
			name = Frameworks;
			sourceTree = "<group>";
		};
		105EBC6B2C20895D00CACEA4 /* PawsWidget */ = {
			isa = PBXGroup;
			children = (
				105EBC6C2C20895D00CACEA4 /* PawsWidgetBundle.swift */,
				105EBC6E2C20895D00CACEA4 /* PawsWidgetLiveActivity.swift */,
				105EBC702C20895D00CACEA4 /* PawsWidget.swift */,
				105EBC722C20895D00CACEA4 /* AppIntent.swift */,
				105EBC742C20895E00CACEA4 /* Assets.xcassets */,
				105EBC762C20895E00CACEA4 /* Info.plist */,
			);
			path = PawsWidget;
			sourceTree = "<group>";
		};
		105EBC922C20987800CACEA4 /* Model */ = {
			isa = PBXGroup;
			children = (
				105EBC932C2098A100CACEA4 /* Item.swift */,
			);
			path = Model;
			sourceTree = "<group>";
		};
		10B0B4762C1FCC52003CB840 = {
			isa = PBXGroup;
			children = (
				10B0B4812C1FCC53003CB840 /* PAWS */,
				105EBC6B2C20895D00CACEA4 /* PawsWidget */,
				105EBC662C20895D00CACEA4 /* Frameworks */,
				10B0B4802C1FCC53003CB840 /* Products */,
			);
			sourceTree = "<group>";
		};
		10B0B4802C1FCC53003CB840 /* Products */ = {
			isa = PBXGroup;
			children = (
				10B0B47F2C1FCC53003CB840 /* PAWS.app */,
				105EBC652C20895D00CACEA4 /* PawsWidgetExtension.appex */,
			);
			name = Products;
			sourceTree = "<group>";
		};
		10B0B4812C1FCC53003CB840 /* PAWS */ = {
			isa = PBXGroup;
			children = (
				105EBC922C20987800CACEA4 /* Model */,
				10B0B4A92C1FDAED003CB840 /* Info.plist */,
				10B0B4822C1FCC53003CB840 /* PAWSApp.swift */,
				10B0B4842C1FCC53003CB840 /* ContentView.swift */,
				10B0B4AD2C1FE209003CB840 /* StoreView.swift */,
				105EBC7F2C20897800CACEA4 /* LiveActivityManager.swift */,
				105EBC7E2C20897800CACEA4 /* PawsWidgetAttributes.swift */,
				10B0B49D2C1FD9F3003CB840 /* Resources */,
				10B0B4882C1FCC54003CB840 /* Preview Content */,
			);
			path = PAWS;
			sourceTree = "<group>";
		};
		10B0B4882C1FCC54003CB840 /* Preview Content */ = {
			isa = PBXGroup;
			children = (
				10B0B4892C1FCC54003CB840 /* Preview Assets.xcassets */,
			);
			path = "Preview Content";
			sourceTree = "<group>";
		};
		10B0B4912C1FD9F3003CB840 /* Assets */ = {
			isa = PBXGroup;
			children = (
				10B0B4862C1FCC54003CB840 /* Assets.xcassets */,
			);
			path = Assets;
			sourceTree = "<group>";
		};
		10B0B49C2C1FD9F3003CB840 /* Fonts */ = {
			isa = PBXGroup;
			children = (
				10B0B4922C1FD9F3003CB840 /* FontManager.swift */,
				10B0B4932C1FD9F3003CB840 /* Pretendard-Black.otf */,
				10B0B4942C1FD9F3003CB840 /* Pretendard-Bold.otf */,
				10B0B4952C1FD9F3003CB840 /* Pretendard-ExtraBold.otf */,
				10B0B4962C1FD9F3003CB840 /* Pretendard-ExtraLight.otf */,
				10B0B4972C1FD9F3003CB840 /* Pretendard-Light.otf */,
				10B0B4982C1FD9F3003CB840 /* Pretendard-Medium.otf */,
				10B0B4992C1FD9F3003CB840 /* Pretendard-Regular.otf */,
				10B0B49A2C1FD9F3003CB840 /* Pretendard-SemiBold.otf */,
				10B0B49B2C1FD9F3003CB840 /* Pretendard-Thin.otf */,
			);
			path = Fonts;
			sourceTree = "<group>";
		};
		10B0B49D2C1FD9F3003CB840 /* Resources */ = {
			isa = PBXGroup;
			children = (
				10B0B4912C1FD9F3003CB840 /* Assets */,
				10B0B49C2C1FD9F3003CB840 /* Fonts */,
			);
			path = Resources;
			sourceTree = "<group>";
		};
/* End PBXGroup section */

/* Begin PBXNativeTarget section */
		105EBC642C20895D00CACEA4 /* PawsWidgetExtension */ = {
			isa = PBXNativeTarget;
			buildConfigurationList = 105EBC7A2C20895E00CACEA4 /* Build configuration list for PBXNativeTarget "PawsWidgetExtension" */;
			buildPhases = (
				105EBC612C20895D00CACEA4 /* Sources */,
				105EBC622C20895D00CACEA4 /* Frameworks */,
				105EBC632C20895D00CACEA4 /* Resources */,
			);
			buildRules = (
			);
			dependencies = (
			);
			name = PawsWidgetExtension;
			productName = PawsWidgetExtension;
			productReference = 105EBC652C20895D00CACEA4 /* PawsWidgetExtension.appex */;
			productType = "com.apple.product-type.app-extension";
		};
		10B0B47E2C1FCC53003CB840 /* PAWS */ = {
			isa = PBXNativeTarget;
			buildConfigurationList = 10B0B48D2C1FCC54003CB840 /* Build configuration list for PBXNativeTarget "PAWS" */;
			buildPhases = (
				10B0B47B2C1FCC53003CB840 /* Sources */,
				10B0B47C2C1FCC53003CB840 /* Frameworks */,
				10B0B47D2C1FCC53003CB840 /* Resources */,
				105EBC7D2C20895E00CACEA4 /* Embed Foundation Extensions */,
			);
			buildRules = (
			);
			dependencies = (
				105EBC782C20895E00CACEA4 /* PBXTargetDependency */,
			);
			name = PAWS;
			packageProductDependencies = (
				10B0B4AB2C1FDCEA003CB840 /* AxisSegmentedView */,
				105EBC972C20B4D900CACEA4 /* SDWebImageSwiftUI */,
				105EBC9A2C2119CE00CACEA4 /* FirebaseAnalytics */,
				105EBC9C2C2119CE00CACEA4 /* FirebaseDatabase */,
				105EBC9E2C2119CE00CACEA4 /* FirebaseFirestore */,
				105EBCA02C2119CE00CACEA4 /* FirebaseStorage */,
			);
			productName = PAWS;
			productReference = 10B0B47F2C1FCC53003CB840 /* PAWS.app */;
			productType = "com.apple.product-type.application";
		};
/* End PBXNativeTarget section */

/* Begin PBXProject section */
		10B0B4772C1FCC52003CB840 /* Project object */ = {
			isa = PBXProject;
			attributes = {
				BuildIndependentTargetsInParallel = 1;
				LastSwiftUpdateCheck = 1540;
				LastUpgradeCheck = 1540;
				TargetAttributes = {
					105EBC642C20895D00CACEA4 = {
						CreatedOnToolsVersion = 15.4;
					};
					10B0B47E2C1FCC53003CB840 = {
						CreatedOnToolsVersion = 15.4;
					};
				};
			};
			buildConfigurationList = 10B0B47A2C1FCC52003CB840 /* Build configuration list for PBXProject "PAWS" */;
			compatibilityVersion = "Xcode 14.0";
			developmentRegion = en;
			hasScannedForEncodings = 0;
			knownRegions = (
				en,
				Base,
			);
			mainGroup = 10B0B4762C1FCC52003CB840;
			packageReferences = (
				10B0B4AA2C1FDCEA003CB840 /* XCRemoteSwiftPackageReference "AxisSegmentedView" */,
				105EBC962C20B4D900CACEA4 /* XCRemoteSwiftPackageReference "SDWebImageSwiftUI" */,
				105EBC992C2119CE00CACEA4 /* XCRemoteSwiftPackageReference "firebase-ios-sdk" */,
			);
			productRefGroup = 10B0B4802C1FCC53003CB840 /* Products */;
			projectDirPath = "";
			projectRoot = "";
			targets = (
				10B0B47E2C1FCC53003CB840 /* PAWS */,
				105EBC642C20895D00CACEA4 /* PawsWidgetExtension */,
			);
		};
/* End PBXProject section */

/* Begin PBXResourcesBuildPhase section */
		105EBC632C20895D00CACEA4 /* Resources */ = {
			isa = PBXResourcesBuildPhase;
			buildActionMask = 2147483647;
			files = (
				105EBC752C20895E00CACEA4 /* Assets.xcassets in Resources */,
			);
			runOnlyForDeploymentPostprocessing = 0;
		};
		10B0B47D2C1FCC53003CB840 /* Resources */ = {
			isa = PBXResourcesBuildPhase;
			buildActionMask = 2147483647;
			files = (
				10B0B4A72C1FD9F3003CB840 /* Pretendard-SemiBold.otf in Resources */,
				10B0B4A32C1FD9F3003CB840 /* Pretendard-ExtraLight.otf in Resources */,
				10B0B4A42C1FD9F3003CB840 /* Pretendard-Light.otf in Resources */,
				10B0B4A82C1FD9F3003CB840 /* Pretendard-Thin.otf in Resources */,
				10B0B48A2C1FCC54003CB840 /* Preview Assets.xcassets in Resources */,
				10B0B4A12C1FD9F3003CB840 /* Pretendard-Bold.otf in Resources */,
				10B0B4A22C1FD9F3003CB840 /* Pretendard-ExtraBold.otf in Resources */,
				10B0B4A02C1FD9F3003CB840 /* Pretendard-Black.otf in Resources */,
				10B0B4A62C1FD9F3003CB840 /* Pretendard-Regular.otf in Resources */,
				10B0B4872C1FCC54003CB840 /* Assets.xcassets in Resources */,
				10B0B4A52C1FD9F3003CB840 /* Pretendard-Medium.otf in Resources */,
			);
			runOnlyForDeploymentPostprocessing = 0;
		};
/* End PBXResourcesBuildPhase section */

/* Begin PBXSourcesBuildPhase section */
		105EBC612C20895D00CACEA4 /* Sources */ = {
			isa = PBXSourcesBuildPhase;
			buildActionMask = 2147483647;
			files = (
				105EBC6D2C20895D00CACEA4 /* PawsWidgetBundle.swift in Sources */,
				105EBC732C20895D00CACEA4 /* AppIntent.swift in Sources */,
				105EBC832C20897800CACEA4 /* LiveActivityManager.swift in Sources */,
				105EBC712C20895D00CACEA4 /* PawsWidget.swift in Sources */,
				105EBC952C2098A100CACEA4 /* Item.swift in Sources */,
				105EBC812C20897800CACEA4 /* PawsWidgetAttributes.swift in Sources */,
				105EBC6F2C20895D00CACEA4 /* PawsWidgetLiveActivity.swift in Sources */,
			);
			runOnlyForDeploymentPostprocessing = 0;
		};
		10B0B47B2C1FCC53003CB840 /* Sources */ = {
			isa = PBXSourcesBuildPhase;
			buildActionMask = 2147483647;
			files = (
				10B0B4852C1FCC53003CB840 /* ContentView.swift in Sources */,
				10B0B49F2C1FD9F3003CB840 /* FontManager.swift in Sources */,
				105EBC822C20897800CACEA4 /* LiveActivityManager.swift in Sources */,
				10B0B4AE2C1FE209003CB840 /* StoreView.swift in Sources */,
				105EBC942C2098A100CACEA4 /* Item.swift in Sources */,
				105EBC802C20897800CACEA4 /* PawsWidgetAttributes.swift in Sources */,
				10B0B4832C1FCC53003CB840 /* PAWSApp.swift in Sources */,
			);
			runOnlyForDeploymentPostprocessing = 0;
		};
/* End PBXSourcesBuildPhase section */

/* Begin PBXTargetDependency section */
		105EBC782C20895E00CACEA4 /* PBXTargetDependency */ = {
			isa = PBXTargetDependency;
			target = 105EBC642C20895D00CACEA4 /* PawsWidgetExtension */;
			targetProxy = 105EBC772C20895E00CACEA4 /* PBXContainerItemProxy */;
		};
/* End PBXTargetDependency section */

/* Begin XCBuildConfiguration section */
		105EBC7B2C20895E00CACEA4 /* Debug */ = {
			isa = XCBuildConfiguration;
			buildSettings = {
				ASSETCATALOG_COMPILER_GLOBAL_ACCENT_COLOR_NAME = AccentColor;
				ASSETCATALOG_COMPILER_WIDGET_BACKGROUND_COLOR_NAME = WidgetBackground;
				CODE_SIGN_STYLE = Automatic;
				CURRENT_PROJECT_VERSION = 1;
				DEVELOPMENT_TEAM = 3GB5WJ43G4;
				GENERATE_INFOPLIST_FILE = YES;
				INFOPLIST_FILE = PawsWidget/Info.plist;
				INFOPLIST_KEY_CFBundleDisplayName = PawsWidget;
				INFOPLIST_KEY_NSHumanReadableCopyright = "";
				LD_RUNPATH_SEARCH_PATHS = (
					"$(inherited)",
					"@executable_path/Frameworks",
					"@executable_path/../../Frameworks",
				);
				MARKETING_VERSION = 1.0;
				PRODUCT_BUNDLE_IDENTIFIER = com.iOSDevJoy.PAWS.PawsWidget;
				PRODUCT_NAME = "$(TARGET_NAME)";
				SKIP_INSTALL = YES;
				SWIFT_EMIT_LOC_STRINGS = YES;
				SWIFT_VERSION = 5.0;
				TARGETED_DEVICE_FAMILY = "1,2";
			};
			name = Debug;
		};
		105EBC7C2C20895E00CACEA4 /* Release */ = {
			isa = XCBuildConfiguration;
			buildSettings = {
				ASSETCATALOG_COMPILER_GLOBAL_ACCENT_COLOR_NAME = AccentColor;
				ASSETCATALOG_COMPILER_WIDGET_BACKGROUND_COLOR_NAME = WidgetBackground;
				CODE_SIGN_STYLE = Automatic;
				CURRENT_PROJECT_VERSION = 1;
				DEVELOPMENT_TEAM = 3GB5WJ43G4;
				GENERATE_INFOPLIST_FILE = YES;
				INFOPLIST_FILE = PawsWidget/Info.plist;
				INFOPLIST_KEY_CFBundleDisplayName = PawsWidget;
				INFOPLIST_KEY_NSHumanReadableCopyright = "";
				LD_RUNPATH_SEARCH_PATHS = (
					"$(inherited)",
					"@executable_path/Frameworks",
					"@executable_path/../../Frameworks",
				);
				MARKETING_VERSION = 1.0;
				PRODUCT_BUNDLE_IDENTIFIER = com.iOSDevJoy.PAWS.PawsWidget;
				PRODUCT_NAME = "$(TARGET_NAME)";
				SKIP_INSTALL = YES;
				SWIFT_EMIT_LOC_STRINGS = YES;
				SWIFT_VERSION = 5.0;
				TARGETED_DEVICE_FAMILY = "1,2";
			};
			name = Release;
		};
		10B0B48B2C1FCC54003CB840 /* Debug */ = {
			isa = XCBuildConfiguration;
			buildSettings = {
				ALWAYS_SEARCH_USER_PATHS = NO;
				ASSETCATALOG_COMPILER_GENERATE_SWIFT_ASSET_SYMBOL_EXTENSIONS = YES;
				CLANG_ANALYZER_NONNULL = YES;
				CLANG_ANALYZER_NUMBER_OBJECT_CONVERSION = YES_AGGRESSIVE;
				CLANG_CXX_LANGUAGE_STANDARD = "gnu++20";
				CLANG_ENABLE_MODULES = YES;
				CLANG_ENABLE_OBJC_ARC = YES;
				CLANG_ENABLE_OBJC_WEAK = YES;
				CLANG_WARN_BLOCK_CAPTURE_AUTORELEASING = YES;
				CLANG_WARN_BOOL_CONVERSION = YES;
				CLANG_WARN_COMMA = YES;
				CLANG_WARN_CONSTANT_CONVERSION = YES;
				CLANG_WARN_DEPRECATED_OBJC_IMPLEMENTATIONS = YES;
				CLANG_WARN_DIRECT_OBJC_ISA_USAGE = YES_ERROR;
				CLANG_WARN_DOCUMENTATION_COMMENTS = YES;
				CLANG_WARN_EMPTY_BODY = YES;
				CLANG_WARN_ENUM_CONVERSION = YES;
				CLANG_WARN_INFINITE_RECURSION = YES;
				CLANG_WARN_INT_CONVERSION = YES;
				CLANG_WARN_NON_LITERAL_NULL_CONVERSION = YES;
				CLANG_WARN_OBJC_IMPLICIT_RETAIN_SELF = YES;
				CLANG_WARN_OBJC_LITERAL_CONVERSION = YES;
				CLANG_WARN_OBJC_ROOT_CLASS = YES_ERROR;
				CLANG_WARN_QUOTED_INCLUDE_IN_FRAMEWORK_HEADER = YES;
				CLANG_WARN_RANGE_LOOP_ANALYSIS = YES;
				CLANG_WARN_STRICT_PROTOTYPES = YES;
				CLANG_WARN_SUSPICIOUS_MOVE = YES;
				CLANG_WARN_UNGUARDED_AVAILABILITY = YES_AGGRESSIVE;
				CLANG_WARN_UNREACHABLE_CODE = YES;
				CLANG_WARN__DUPLICATE_METHOD_MATCH = YES;
				COPY_PHASE_STRIP = NO;
				DEBUG_INFORMATION_FORMAT = dwarf;
				ENABLE_STRICT_OBJC_MSGSEND = YES;
				ENABLE_TESTABILITY = YES;
				ENABLE_USER_SCRIPT_SANDBOXING = YES;
				GCC_C_LANGUAGE_STANDARD = gnu17;
				GCC_DYNAMIC_NO_PIC = NO;
				GCC_NO_COMMON_BLOCKS = YES;
				GCC_OPTIMIZATION_LEVEL = 0;
				GCC_PREPROCESSOR_DEFINITIONS = (
					"DEBUG=1",
					"$(inherited)",
				);
				GCC_WARN_64_TO_32_BIT_CONVERSION = YES;
				GCC_WARN_ABOUT_RETURN_TYPE = YES_ERROR;
				GCC_WARN_UNDECLARED_SELECTOR = YES;
				GCC_WARN_UNINITIALIZED_AUTOS = YES_AGGRESSIVE;
				GCC_WARN_UNUSED_FUNCTION = YES;
				GCC_WARN_UNUSED_VARIABLE = YES;
				IPHONEOS_DEPLOYMENT_TARGET = 17.5;
				LOCALIZATION_PREFERS_STRING_CATALOGS = YES;
				MTL_ENABLE_DEBUG_INFO = INCLUDE_SOURCE;
				MTL_FAST_MATH = YES;
				ONLY_ACTIVE_ARCH = YES;
				SDKROOT = iphoneos;
				SWIFT_ACTIVE_COMPILATION_CONDITIONS = "DEBUG $(inherited)";
				SWIFT_OPTIMIZATION_LEVEL = "-Onone";
			};
			name = Debug;
		};
		10B0B48C2C1FCC54003CB840 /* Release */ = {
			isa = XCBuildConfiguration;
			buildSettings = {
				ALWAYS_SEARCH_USER_PATHS = NO;
				ASSETCATALOG_COMPILER_GENERATE_SWIFT_ASSET_SYMBOL_EXTENSIONS = YES;
				CLANG_ANALYZER_NONNULL = YES;
				CLANG_ANALYZER_NUMBER_OBJECT_CONVERSION = YES_AGGRESSIVE;
				CLANG_CXX_LANGUAGE_STANDARD = "gnu++20";
				CLANG_ENABLE_MODULES = YES;
				CLANG_ENABLE_OBJC_ARC = YES;
				CLANG_ENABLE_OBJC_WEAK = YES;
				CLANG_WARN_BLOCK_CAPTURE_AUTORELEASING = YES;
				CLANG_WARN_BOOL_CONVERSION = YES;
				CLANG_WARN_COMMA = YES;
				CLANG_WARN_CONSTANT_CONVERSION = YES;
				CLANG_WARN_DEPRECATED_OBJC_IMPLEMENTATIONS = YES;
				CLANG_WARN_DIRECT_OBJC_ISA_USAGE = YES_ERROR;
				CLANG_WARN_DOCUMENTATION_COMMENTS = YES;
				CLANG_WARN_EMPTY_BODY = YES;
				CLANG_WARN_ENUM_CONVERSION = YES;
				CLANG_WARN_INFINITE_RECURSION = YES;
				CLANG_WARN_INT_CONVERSION = YES;
				CLANG_WARN_NON_LITERAL_NULL_CONVERSION = YES;
				CLANG_WARN_OBJC_IMPLICIT_RETAIN_SELF = YES;
				CLANG_WARN_OBJC_LITERAL_CONVERSION = YES;
				CLANG_WARN_OBJC_ROOT_CLASS = YES_ERROR;
				CLANG_WARN_QUOTED_INCLUDE_IN_FRAMEWORK_HEADER = YES;
				CLANG_WARN_RANGE_LOOP_ANALYSIS = YES;
				CLANG_WARN_STRICT_PROTOTYPES = YES;
				CLANG_WARN_SUSPICIOUS_MOVE = YES;
				CLANG_WARN_UNGUARDED_AVAILABILITY = YES_AGGRESSIVE;
				CLANG_WARN_UNREACHABLE_CODE = YES;
				CLANG_WARN__DUPLICATE_METHOD_MATCH = YES;
				COPY_PHASE_STRIP = NO;
				DEBUG_INFORMATION_FORMAT = "dwarf-with-dsym";
				ENABLE_NS_ASSERTIONS = NO;
				ENABLE_STRICT_OBJC_MSGSEND = YES;
				ENABLE_USER_SCRIPT_SANDBOXING = YES;
				GCC_C_LANGUAGE_STANDARD = gnu17;
				GCC_NO_COMMON_BLOCKS = YES;
				GCC_WARN_64_TO_32_BIT_CONVERSION = YES;
				GCC_WARN_ABOUT_RETURN_TYPE = YES_ERROR;
				GCC_WARN_UNDECLARED_SELECTOR = YES;
				GCC_WARN_UNINITIALIZED_AUTOS = YES_AGGRESSIVE;
				GCC_WARN_UNUSED_FUNCTION = YES;
				GCC_WARN_UNUSED_VARIABLE = YES;
				IPHONEOS_DEPLOYMENT_TARGET = 17.5;
				LOCALIZATION_PREFERS_STRING_CATALOGS = YES;
				MTL_ENABLE_DEBUG_INFO = NO;
				MTL_FAST_MATH = YES;
				SDKROOT = iphoneos;
				SWIFT_COMPILATION_MODE = wholemodule;
				VALIDATE_PRODUCT = YES;
			};
			name = Release;
		};
		10B0B48E2C1FCC54003CB840 /* Debug */ = {
			isa = XCBuildConfiguration;
			buildSettings = {
				ALWAYS_EMBED_SWIFT_STANDARD_LIBRARIES = YES;
				ASSETCATALOG_COMPILER_APPICON_NAME = AppIcon;
				ASSETCATALOG_COMPILER_GLOBAL_ACCENT_COLOR_NAME = AccentColor;
				CODE_SIGN_STYLE = Automatic;
				CURRENT_PROJECT_VERSION = 1;
				DEVELOPMENT_ASSET_PATHS = "\"PAWS/Preview Content\"";
				DEVELOPMENT_TEAM = 3GB5WJ43G4;
				ENABLE_PREVIEWS = YES;
				GENERATE_INFOPLIST_FILE = YES;
				INFOPLIST_FILE = PAWS/Info.plist;
				INFOPLIST_KEY_UIApplicationSceneManifest_Generation = YES;
				INFOPLIST_KEY_UIApplicationSupportsIndirectInputEvents = YES;
				INFOPLIST_KEY_UILaunchScreen_Generation = YES;
				INFOPLIST_KEY_UISupportedInterfaceOrientations_iPad = "UIInterfaceOrientationPortrait UIInterfaceOrientationPortraitUpsideDown UIInterfaceOrientationLandscapeLeft UIInterfaceOrientationLandscapeRight";
				INFOPLIST_KEY_UISupportedInterfaceOrientations_iPhone = "UIInterfaceOrientationPortrait UIInterfaceOrientationLandscapeLeft UIInterfaceOrientationLandscapeRight";
				LD_RUNPATH_SEARCH_PATHS = (
					"$(inherited)",
					"@executable_path/Frameworks",
				);
				MARKETING_VERSION = 1.0;
				PRODUCT_BUNDLE_IDENTIFIER = com.iOSDevJoy.PAWS;
				PRODUCT_NAME = "$(TARGET_NAME)";
				SWIFT_EMIT_LOC_STRINGS = YES;
				SWIFT_VERSION = 5.0;
				TARGETED_DEVICE_FAMILY = "1,2";
			};
			name = Debug;
		};
		10B0B48F2C1FCC54003CB840 /* Release */ = {
			isa = XCBuildConfiguration;
			buildSettings = {
				ALWAYS_EMBED_SWIFT_STANDARD_LIBRARIES = YES;
				ASSETCATALOG_COMPILER_APPICON_NAME = AppIcon;
				ASSETCATALOG_COMPILER_GLOBAL_ACCENT_COLOR_NAME = AccentColor;
				CODE_SIGN_STYLE = Automatic;
				CURRENT_PROJECT_VERSION = 1;
				DEVELOPMENT_ASSET_PATHS = "\"PAWS/Preview Content\"";
				DEVELOPMENT_TEAM = 3GB5WJ43G4;
				ENABLE_PREVIEWS = YES;
				GENERATE_INFOPLIST_FILE = YES;
				INFOPLIST_FILE = PAWS/Info.plist;
				INFOPLIST_KEY_UIApplicationSceneManifest_Generation = YES;
				INFOPLIST_KEY_UIApplicationSupportsIndirectInputEvents = YES;
				INFOPLIST_KEY_UILaunchScreen_Generation = YES;
				INFOPLIST_KEY_UISupportedInterfaceOrientations_iPad = "UIInterfaceOrientationPortrait UIInterfaceOrientationPortraitUpsideDown UIInterfaceOrientationLandscapeLeft UIInterfaceOrientationLandscapeRight";
				INFOPLIST_KEY_UISupportedInterfaceOrientations_iPhone = "UIInterfaceOrientationPortrait UIInterfaceOrientationLandscapeLeft UIInterfaceOrientationLandscapeRight";
				LD_RUNPATH_SEARCH_PATHS = (
					"$(inherited)",
					"@executable_path/Frameworks",
				);
				MARKETING_VERSION = 1.0;
				PRODUCT_BUNDLE_IDENTIFIER = com.iOSDevJoy.PAWS;
				PRODUCT_NAME = "$(TARGET_NAME)";
				SWIFT_EMIT_LOC_STRINGS = YES;
				SWIFT_VERSION = 5.0;
				TARGETED_DEVICE_FAMILY = "1,2";
			};
			name = Release;
		};
/* End XCBuildConfiguration section */

/* Begin XCConfigurationList section */
		105EBC7A2C20895E00CACEA4 /* Build configuration list for PBXNativeTarget "PawsWidgetExtension" */ = {
			isa = XCConfigurationList;
			buildConfigurations = (
				105EBC7B2C20895E00CACEA4 /* Debug */,
				105EBC7C2C20895E00CACEA4 /* Release */,
			);
			defaultConfigurationIsVisible = 0;
			defaultConfigurationName = Release;
		};
		10B0B47A2C1FCC52003CB840 /* Build configuration list for PBXProject "PAWS" */ = {
			isa = XCConfigurationList;
			buildConfigurations = (
				10B0B48B2C1FCC54003CB840 /* Debug */,
				10B0B48C2C1FCC54003CB840 /* Release */,
			);
			defaultConfigurationIsVisible = 0;
			defaultConfigurationName = Release;
		};
		10B0B48D2C1FCC54003CB840 /* Build configuration list for PBXNativeTarget "PAWS" */ = {
			isa = XCConfigurationList;
			buildConfigurations = (
				10B0B48E2C1FCC54003CB840 /* Debug */,
				10B0B48F2C1FCC54003CB840 /* Release */,
			);
			defaultConfigurationIsVisible = 0;
			defaultConfigurationName = Release;
		};
/* End XCConfigurationList section */

/* Begin XCRemoteSwiftPackageReference section */
		105EBC962C20B4D900CACEA4 /* XCRemoteSwiftPackageReference "SDWebImageSwiftUI" */ = {
			isa = XCRemoteSwiftPackageReference;
			repositoryURL = "https://github.com/SDWebImage/SDWebImageSwiftUI";
			requirement = {
				kind = upToNextMajorVersion;
				minimumVersion = 3.0.4;
			};
		};
		105EBC992C2119CE00CACEA4 /* XCRemoteSwiftPackageReference "firebase-ios-sdk" */ = {
			isa = XCRemoteSwiftPackageReference;
			repositoryURL = "https://github.com/firebase/firebase-ios-sdk";
			requirement = {
				kind = upToNextMajorVersion;
				minimumVersion = 10.28.0;
			};
		};
		10B0B4AA2C1FDCEA003CB840 /* XCRemoteSwiftPackageReference "AxisSegmentedView" */ = {
			isa = XCRemoteSwiftPackageReference;
			repositoryURL = "https://github.com/jasudev/AxisSegmentedView";
			requirement = {
				kind = upToNextMajorVersion;
				minimumVersion = 0.5.2;
			};
		};
/* End XCRemoteSwiftPackageReference section */

/* Begin XCSwiftPackageProductDependency section */
		105EBC972C20B4D900CACEA4 /* SDWebImageSwiftUI */ = {
			isa = XCSwiftPackageProductDependency;
			package = 105EBC962C20B4D900CACEA4 /* XCRemoteSwiftPackageReference "SDWebImageSwiftUI" */;
			productName = SDWebImageSwiftUI;
		};
		105EBC9A2C2119CE00CACEA4 /* FirebaseAnalytics */ = {
			isa = XCSwiftPackageProductDependency;
			package = 105EBC992C2119CE00CACEA4 /* XCRemoteSwiftPackageReference "firebase-ios-sdk" */;
			productName = FirebaseAnalytics;
		};
		105EBC9C2C2119CE00CACEA4 /* FirebaseDatabase */ = {
			isa = XCSwiftPackageProductDependency;
			package = 105EBC992C2119CE00CACEA4 /* XCRemoteSwiftPackageReference "firebase-ios-sdk" */;
			productName = FirebaseDatabase;
		};
		105EBC9E2C2119CE00CACEA4 /* FirebaseFirestore */ = {
			isa = XCSwiftPackageProductDependency;
			package = 105EBC992C2119CE00CACEA4 /* XCRemoteSwiftPackageReference "firebase-ios-sdk" */;
			productName = FirebaseFirestore;
		};
		105EBCA02C2119CE00CACEA4 /* FirebaseStorage */ = {
			isa = XCSwiftPackageProductDependency;
			package = 105EBC992C2119CE00CACEA4 /* XCRemoteSwiftPackageReference "firebase-ios-sdk" */;
			productName = FirebaseStorage;
		};
		10B0B4AB2C1FDCEA003CB840 /* AxisSegmentedView */ = {
			isa = XCSwiftPackageProductDependency;
			package = 10B0B4AA2C1FDCEA003CB840 /* XCRemoteSwiftPackageReference "AxisSegmentedView" */;
			productName = AxisSegmentedView;
		};
/* End XCSwiftPackageProductDependency section */
	};
	rootObject = 10B0B4772C1FCC52003CB840 /* Project object */;
}
