{
  "originHash" : "27c5b1d3bc5b1ffc7585bba694a3dc6e0b74dc286426b87ce3b4b4a42f4557ba",
  "pins" : [
    {
      "identity" : "axissegmentedview",
      "kind" : "remoteSourceControl",
      "location" : "https://github.com/jasudev/AxisSegmentedView",
      "state" : {
        "revision" : "4a9a9c6c5b32b51e5d2fd4c30e8c475658853131",
        "version" : "0.5.2"
      }
    }
  ],
  "version" : 3
}
